
Microsoft Visual Studio Solution File, Format Version 12.00
# Visual Studio Version 16
VisualStudioVersion = 16.0.31515.178
MinimumVisualStudioVersion = 10.0.40219.1
Project("{FAE04EC0-301F-11D3-BF4B-00C04F79EFBC}") = "Testgithub", "Testgithub\Testgithub.csproj", "{E762F9F4-7F94-4D52-A7E4-C8E1ED459B62}"
EndProject
Global
	GlobalSection(SolutionConfigurationPlatforms) = preSolution
		Debug|Any CPU = Debug|Any CPU
		Release|Any CPU = Release|Any CPU
	EndGlobalSection
	GlobalSection(ProjectConfigurationPlatforms) = postSolution
		{E762F9F4-7F94-4D52-A7E4-C8E1ED459B62}.Debug|Any CPU.ActiveCfg = Debug|Any CPU
		{E762F9F4-7F94-4D52-A7E4-C8E1ED459B62}.Debug|Any CPU.Build.0 = Debug|Any CPU
		{E762F9F4-7F94-4D52-A7E4-C8E1ED459B62}.Release|Any CPU.ActiveCfg = Release|Any CPU
		{E762F9F4-7F94-4D52-A7E4-C8E1ED459B62}.Release|Any CPU.Build.0 = Release|Any CPU
	EndGlobalSection
	GlobalSection(SolutionProperties) = preSolution
		HideSolutionNode = FALSE
	EndGlobalSection
	GlobalSection(ExtensibilityGlobals) = postSolution
		SolutionGuid = {A345E01D-8C5B-4A3C-998C-BCA332B81038}
	EndGlobalSection
EndGlobal
